
Microsoft Visual Studio Solution File, Format Version 12.00
# Visual Studio Version 17
VisualStudioVersion = 17.11.35312.102
MinimumVisualStudioVersion = 10.0.40219.1
Project("{FAE04EC0-301F-11D3-BF4B-00C04F79EFBC}") = "TratamentoErros", "TratamentoErros\TratamentoErros.csproj", "{8E1EE66D-87B4-4120-AE12-3F50311E53B8}"
EndProject
Global
	GlobalSection(SolutionConfigurationPlatforms) = preSolution
		Debug|Any CPU = Debug|Any CPU
		Release|Any CPU = Release|Any CPU
	EndGlobalSection
	GlobalSection(ProjectConfigurationPlatforms) = postSolution
		{8E1EE66D-87B4-4120-AE12-3F50311E53B8}.Debug|Any CPU.ActiveCfg = Debug|Any CPU
		{8E1EE66D-87B4-4120-AE12-3F50311E53B8}.Debug|Any CPU.Build.0 = Debug|Any CPU
		{8E1EE66D-87B4-4120-AE12-3F50311E53B8}.Release|Any CPU.ActiveCfg = Release|Any CPU
		{8E1EE66D-87B4-4120-AE12-3F50311E53B8}.Release|Any CPU.Build.0 = Release|Any CPU
	EndGlobalSection
	GlobalSection(SolutionProperties) = preSolution
		HideSolutionNode = FALSE
	EndGlobalSection
	GlobalSection(ExtensibilityGlobals) = postSolution
		SolutionGuid = {3B60EA5D-126E-4586-83AD-9F6D96EB09FA}
	EndGlobalSection
EndGlobal
